
Microsoft Visual Studio Solution File, Format Version 12.00
# Visual Studio Version 16
VisualStudioVersion = 16.0.28803.156
MinimumVisualStudioVersion = 10.0.40219.1
Project("{2150E333-8FDC-42A3-9474-1A3956D46DE8}") = "BenchmarkTest", "BenchmarkTest", "{7ACF85F0-1261-4D89-B18B-3A1CA05B948F}"
EndProject
Project("{9A19103F-16F7-4668-BE54-9A1E7A4F7556}") = "SpanMultilRuntimes", "BenchmarkTest\SpanMultilRuntimes\SpanMultilRuntimes.csproj", "{7B2A5FAB-914A-4CA9-B91A-D3338E9B9056}"
EndProject
Project("{9A19103F-16F7-4668-BE54-9A1E7A4F7556}") = "SpanTest", "BenchmarkTest\SpanTest\SpanTest.csproj", "{01228BF3-1FE6-4DC0-9EE4-17EA285D39AE}"
EndProject
Project("{2150E333-8FDC-42A3-9474-1A3956D46DE8}") = "SFTP", "SFTP", "{D0273138-D751-4BE6-AE88-1C42984BE35B}"
EndProject
Project("{9A19103F-16F7-4668-BE54-9A1E7A4F7556}") = "SFtpDownloader", "SFTP\SFtpDownloader\SFtpDownloader.csproj", "{B790C058-6C65-45C8-84E4-C7290763BC3D}"
EndProject
Project("{9A19103F-16F7-4668-BE54-9A1E7A4F7556}") = "SFtpDownloader.Test", "SFTP\SFtpDownloader.Test\SFtpDownloader.Test.csproj", "{D051891A-9BCE-476F-AFFB-D55E464FE134}"
EndProject
Project("{2150E333-8FDC-42A3-9474-1A3956D46DE8}") = "EventSourcing", "EventSourcing", "{B310F660-ABCB-410F-82F8-C6C15DE8276E}"
EndProject
Project("{9A19103F-16F7-4668-BE54-9A1E7A4F7556}") = "EventSourcing.Sample", "EventSourcing\EventSourcing.Sample\EventSourcing.Sample.csproj", "{1357BE1B-C513-4FFA-B416-4C27C26346A1}"
EndProject
Project("{2150E333-8FDC-42A3-9474-1A3956D46DE8}") = "Aop", "Aop", "{09AFE448-06C0-4413-A84C-1750D188361B}"
EndProject
Project("{9A19103F-16F7-4668-BE54-9A1E7A4F7556}") = "Aop.Demos", "Aop\Aop.Demos\Aop.Demos.csproj", "{1DA12ADC-A1D4-44ED-A246-0E18CF285403}"
EndProject
Project("{9A19103F-16F7-4668-BE54-9A1E7A4F7556}") = "UnitTestDemo", "Aop\UnitTestDemo\UnitTestDemo.csproj", "{2FCCE501-6D15-4822-8044-5277E7E847A5}"
EndProject
Project("{9A19103F-16F7-4668-BE54-9A1E7A4F7556}") = "Aop.demo.AspnetCore", "Aop\Aop.demo.AspnetCore\Aop.demo.AspnetCore.csproj", "{9635DD95-25EC-4845-ABDA-B5D6351770D7}"
EndProject
Project("{2150E333-8FDC-42A3-9474-1A3956D46DE8}") = "Emit", "Emit", "{0B5807E7-6F97-46CC-90E5-3FC64C79B61A}"
EndProject
Project("{FAE04EC0-301F-11D3-BF4B-00C04F79EFBC}") = "Emit.Samples", "Emit\Emit.Samples\Emit.Samples.csproj", "{10355F52-9957-4867-A75F-4A901AA52C12}"
EndProject
Global
	GlobalSection(SolutionConfigurationPlatforms) = preSolution
		Debug|Any CPU = Debug|Any CPU
		Debug|x64 = Debug|x64
		Debug|x86 = Debug|x86
		Release|Any CPU = Release|Any CPU
		Release|x64 = Release|x64
		Release|x86 = Release|x86
	EndGlobalSection
	GlobalSection(ProjectConfigurationPlatforms) = postSolution
		{7B2A5FAB-914A-4CA9-B91A-D3338E9B9056}.Debug|Any CPU.ActiveCfg = Debug|Any CPU
		{7B2A5FAB-914A-4CA9-B91A-D3338E9B9056}.Debug|Any CPU.Build.0 = Debug|Any CPU
		{7B2A5FAB-914A-4CA9-B91A-D3338E9B9056}.Debug|x64.ActiveCfg = Debug|Any CPU
		{7B2A5FAB-914A-4CA9-B91A-D3338E9B9056}.Debug|x64.Build.0 = Debug|Any CPU
		{7B2A5FAB-914A-4CA9-B91A-D3338E9B9056}.Debug|x86.ActiveCfg = Debug|Any CPU
		{7B2A5FAB-914A-4CA9-B91A-D3338E9B9056}.Debug|x86.Build.0 = Debug|Any CPU
		{7B2A5FAB-914A-4CA9-B91A-D3338E9B9056}.Release|Any CPU.ActiveCfg = Release|Any CPU
		{7B2A5FAB-914A-4CA9-B91A-D3338E9B9056}.Release|Any CPU.Build.0 = Release|Any CPU
		{7B2A5FAB-914A-4CA9-B91A-D3338E9B9056}.Release|x64.ActiveCfg = Release|Any CPU
		{7B2A5FAB-914A-4CA9-B91A-D3338E9B9056}.Release|x64.Build.0 = Release|Any CPU
		{7B2A5FAB-914A-4CA9-B91A-D3338E9B9056}.Release|x86.ActiveCfg = Release|Any CPU
		{7B2A5FAB-914A-4CA9-B91A-D3338E9B9056}.Release|x86.Build.0 = Release|Any CPU
		{01228BF3-1FE6-4DC0-9EE4-17EA285D39AE}.Debug|Any CPU.ActiveCfg = Debug|Any CPU
		{01228BF3-1FE6-4DC0-9EE4-17EA285D39AE}.Debug|Any CPU.Build.0 = Debug|Any CPU
		{01228BF3-1FE6-4DC0-9EE4-17EA285D39AE}.Debug|x64.ActiveCfg = Debug|x64
		{01228BF3-1FE6-4DC0-9EE4-17EA285D39AE}.Debug|x64.Build.0 = Debug|x64
		{01228BF3-1FE6-4DC0-9EE4-17EA285D39AE}.Debug|x86.ActiveCfg = Debug|x86
		{01228BF3-1FE6-4DC0-9EE4-17EA285D39AE}.Debug|x86.Build.0 = Debug|x86
		{01228BF3-1FE6-4DC0-9EE4-17EA285D39AE}.Release|Any CPU.ActiveCfg = Release|Any CPU
		{01228BF3-1FE6-4DC0-9EE4-17EA285D39AE}.Release|Any CPU.Build.0 = Release|Any CPU
		{01228BF3-1FE6-4DC0-9EE4-17EA285D39AE}.Release|x64.ActiveCfg = Release|x64
		{01228BF3-1FE6-4DC0-9EE4-17EA285D39AE}.Release|x64.Build.0 = Release|x64
		{01228BF3-1FE6-4DC0-9EE4-17EA285D39AE}.Release|x86.ActiveCfg = Release|x86
		{01228BF3-1FE6-4DC0-9EE4-17EA285D39AE}.Release|x86.Build.0 = Release|x86
		{B790C058-6C65-45C8-84E4-C7290763BC3D}.Debug|Any CPU.ActiveCfg = Debug|Any CPU
		{B790C058-6C65-45C8-84E4-C7290763BC3D}.Debug|Any CPU.Build.0 = Debug|Any CPU
		{B790C058-6C65-45C8-84E4-C7290763BC3D}.Debug|x64.ActiveCfg = Debug|Any CPU
		{B790C058-6C65-45C8-84E4-C7290763BC3D}.Debug|x64.Build.0 = Debug|Any CPU
		{B790C058-6C65-45C8-84E4-C7290763BC3D}.Debug|x86.ActiveCfg = Debug|Any CPU
		{B790C058-6C65-45C8-84E4-C7290763BC3D}.Debug|x86.Build.0 = Debug|Any CPU
		{B790C058-6C65-45C8-84E4-C7290763BC3D}.Release|Any CPU.ActiveCfg = Release|Any CPU
		{B790C058-6C65-45C8-84E4-C7290763BC3D}.Release|Any CPU.Build.0 = Release|Any CPU
		{B790C058-6C65-45C8-84E4-C7290763BC3D}.Release|x64.ActiveCfg = Release|Any CPU
		{B790C058-6C65-45C8-84E4-C7290763BC3D}.Release|x64.Build.0 = Release|Any CPU
		{B790C058-6C65-45C8-84E4-C7290763BC3D}.Release|x86.ActiveCfg = Release|Any CPU
		{B790C058-6C65-45C8-84E4-C7290763BC3D}.Release|x86.Build.0 = Release|Any CPU
		{D051891A-9BCE-476F-AFFB-D55E464FE134}.Debug|Any CPU.ActiveCfg = Debug|Any CPU
		{D051891A-9BCE-476F-AFFB-D55E464FE134}.Debug|Any CPU.Build.0 = Debug|Any CPU
		{D051891A-9BCE-476F-AFFB-D55E464FE134}.Debug|x64.ActiveCfg = Debug|Any CPU
		{D051891A-9BCE-476F-AFFB-D55E464FE134}.Debug|x64.Build.0 = Debug|Any CPU
		{D051891A-9BCE-476F-AFFB-D55E464FE134}.Debug|x86.ActiveCfg = Debug|Any CPU
		{D051891A-9BCE-476F-AFFB-D55E464FE134}.Debug|x86.Build.0 = Debug|Any CPU
		{D051891A-9BCE-476F-AFFB-D55E464FE134}.Release|Any CPU.ActiveCfg = Release|Any CPU
		{D051891A-9BCE-476F-AFFB-D55E464FE134}.Release|Any CPU.Build.0 = Release|Any CPU
		{D051891A-9BCE-476F-AFFB-D55E464FE134}.Release|x64.ActiveCfg = Release|Any CPU
		{D051891A-9BCE-476F-AFFB-D55E464FE134}.Release|x64.Build.0 = Release|Any CPU
		{D051891A-9BCE-476F-AFFB-D55E464FE134}.Release|x86.ActiveCfg = Release|Any CPU
		{D051891A-9BCE-476F-AFFB-D55E464FE134}.Release|x86.Build.0 = Release|Any CPU
		{1357BE1B-C513-4FFA-B416-4C27C26346A1}.Debug|Any CPU.ActiveCfg = Debug|Any CPU
		{1357BE1B-C513-4FFA-B416-4C27C26346A1}.Debug|Any CPU.Build.0 = Debug|Any CPU
		{1357BE1B-C513-4FFA-B416-4C27C26346A1}.Debug|x64.ActiveCfg = Debug|Any CPU
		{1357BE1B-C513-4FFA-B416-4C27C26346A1}.Debug|x64.Build.0 = Debug|Any CPU
		{1357BE1B-C513-4FFA-B416-4C27C26346A1}.Debug|x86.ActiveCfg = Debug|Any CPU
		{1357BE1B-C513-4FFA-B416-4C27C26346A1}.Debug|x86.Build.0 = Debug|Any CPU
		{1357BE1B-C513-4FFA-B416-4C27C26346A1}.Release|Any CPU.ActiveCfg = Release|Any CPU
		{1357BE1B-C513-4FFA-B416-4C27C26346A1}.Release|Any CPU.Build.0 = Release|Any CPU
		{1357BE1B-C513-4FFA-B416-4C27C26346A1}.Release|x64.ActiveCfg = Release|Any CPU
		{1357BE1B-C513-4FFA-B416-4C27C26346A1}.Release|x64.Build.0 = Release|Any CPU
		{1357BE1B-C513-4FFA-B416-4C27C26346A1}.Release|x86.ActiveCfg = Release|Any CPU
		{1357BE1B-C513-4FFA-B416-4C27C26346A1}.Release|x86.Build.0 = Release|Any CPU
		{1DA12ADC-A1D4-44ED-A246-0E18CF285403}.Debug|Any CPU.ActiveCfg = Debug|Any CPU
		{1DA12ADC-A1D4-44ED-A246-0E18CF285403}.Debug|Any CPU.Build.0 = Debug|Any CPU
		{1DA12ADC-A1D4-44ED-A246-0E18CF285403}.Debug|x64.ActiveCfg = Debug|Any CPU
		{1DA12ADC-A1D4-44ED-A246-0E18CF285403}.Debug|x64.Build.0 = Debug|Any CPU
		{1DA12ADC-A1D4-44ED-A246-0E18CF285403}.Debug|x86.ActiveCfg = Debug|Any CPU
		{1DA12ADC-A1D4-44ED-A246-0E18CF285403}.Debug|x86.Build.0 = Debug|Any CPU
		{1DA12ADC-A1D4-44ED-A246-0E18CF285403}.Release|Any CPU.ActiveCfg = Release|Any CPU
		{1DA12ADC-A1D4-44ED-A246-0E18CF285403}.Release|Any CPU.Build.0 = Release|Any CPU
		{1DA12ADC-A1D4-44ED-A246-0E18CF285403}.Release|x64.ActiveCfg = Release|Any CPU
		{1DA12ADC-A1D4-44ED-A246-0E18CF285403}.Release|x64.Build.0 = Release|Any CPU
		{1DA12ADC-A1D4-44ED-A246-0E18CF285403}.Release|x86.ActiveCfg = Release|Any CPU
		{1DA12ADC-A1D4-44ED-A246-0E18CF285403}.Release|x86.Build.0 = Release|Any CPU
		{2FCCE501-6D15-4822-8044-5277E7E847A5}.Debug|Any CPU.ActiveCfg = Debug|Any CPU
		{2FCCE501-6D15-4822-8044-5277E7E847A5}.Debug|Any CPU.Build.0 = Debug|Any CPU
		{2FCCE501-6D15-4822-8044-5277E7E847A5}.Debug|x64.ActiveCfg = Debug|Any CPU
		{2FCCE501-6D15-4822-8044-5277E7E847A5}.Debug|x64.Build.0 = Debug|Any CPU
		{2FCCE501-6D15-4822-8044-5277E7E847A5}.Debug|x86.ActiveCfg = Debug|Any CPU
		{2FCCE501-6D15-4822-8044-5277E7E847A5}.Debug|x86.Build.0 = Debug|Any CPU
		{2FCCE501-6D15-4822-8044-5277E7E847A5}.Release|Any CPU.ActiveCfg = Release|Any CPU
		{2FCCE501-6D15-4822-8044-5277E7E847A5}.Release|Any CPU.Build.0 = Release|Any CPU
		{2FCCE501-6D15-4822-8044-5277E7E847A5}.Release|x64.ActiveCfg = Release|Any CPU
		{2FCCE501-6D15-4822-8044-5277E7E847A5}.Release|x64.Build.0 = Release|Any CPU
		{2FCCE501-6D15-4822-8044-5277E7E847A5}.Release|x86.ActiveCfg = Release|Any CPU
		{2FCCE501-6D15-4822-8044-5277E7E847A5}.Release|x86.Build.0 = Release|Any CPU
		{9635DD95-25EC-4845-ABDA-B5D6351770D7}.Debug|Any CPU.ActiveCfg = Debug|Any CPU
		{9635DD95-25EC-4845-ABDA-B5D6351770D7}.Debug|Any CPU.Build.0 = Debug|Any CPU
		{9635DD95-25EC-4845-ABDA-B5D6351770D7}.Debug|x64.ActiveCfg = Debug|Any CPU
		{9635DD95-25EC-4845-ABDA-B5D6351770D7}.Debug|x64.Build.0 = Debug|Any CPU
		{9635DD95-25EC-4845-ABDA-B5D6351770D7}.Debug|x86.ActiveCfg = Debug|Any CPU
		{9635DD95-25EC-4845-ABDA-B5D6351770D7}.Debug|x86.Build.0 = Debug|Any CPU
		{9635DD95-25EC-4845-ABDA-B5D6351770D7}.Release|Any CPU.ActiveCfg = Release|Any CPU
		{9635DD95-25EC-4845-ABDA-B5D6351770D7}.Release|Any CPU.Build.0 = Release|Any CPU
		{9635DD95-25EC-4845-ABDA-B5D6351770D7}.Release|x64.ActiveCfg = Release|Any CPU
		{9635DD95-25EC-4845-ABDA-B5D6351770D7}.Release|x64.Build.0 = Release|Any CPU
		{9635DD95-25EC-4845-ABDA-B5D6351770D7}.Release|x86.ActiveCfg = Release|Any CPU
		{9635DD95-25EC-4845-ABDA-B5D6351770D7}.Release|x86.Build.0 = Release|Any CPU
		{10355F52-9957-4867-A75F-4A901AA52C12}.Debug|Any CPU.ActiveCfg = Debug|Any CPU
		{10355F52-9957-4867-A75F-4A901AA52C12}.Debug|Any CPU.Build.0 = Debug|Any CPU
		{10355F52-9957-4867-A75F-4A901AA52C12}.Debug|x64.ActiveCfg = Debug|Any CPU
		{10355F52-9957-4867-A75F-4A901AA52C12}.Debug|x64.Build.0 = Debug|Any CPU
		{10355F52-9957-4867-A75F-4A901AA52C12}.Debug|x86.ActiveCfg = Debug|Any CPU
		{10355F52-9957-4867-A75F-4A901AA52C12}.Debug|x86.Build.0 = Debug|Any CPU
		{10355F52-9957-4867-A75F-4A901AA52C12}.Release|Any CPU.ActiveCfg = Release|Any CPU
		{10355F52-9957-4867-A75F-4A901AA52C12}.Release|Any CPU.Build.0 = Release|Any CPU
		{10355F52-9957-4867-A75F-4A901AA52C12}.Release|x64.ActiveCfg = Release|Any CPU
		{10355F52-9957-4867-A75F-4A901AA52C12}.Release|x64.Build.0 = Release|Any CPU
		{10355F52-9957-4867-A75F-4A901AA52C12}.Release|x86.ActiveCfg = Release|Any CPU
		{10355F52-9957-4867-A75F-4A901AA52C12}.Release|x86.Build.0 = Release|Any CPU
	EndGlobalSection
	GlobalSection(SolutionProperties) = preSolution
		HideSolutionNode = FALSE
	EndGlobalSection
	GlobalSection(NestedProjects) = preSolution
		{7B2A5FAB-914A-4CA9-B91A-D3338E9B9056} = {7ACF85F0-1261-4D89-B18B-3A1CA05B948F}
		{01228BF3-1FE6-4DC0-9EE4-17EA285D39AE} = {7ACF85F0-1261-4D89-B18B-3A1CA05B948F}
		{B790C058-6C65-45C8-84E4-C7290763BC3D} = {D0273138-D751-4BE6-AE88-1C42984BE35B}
		{D051891A-9BCE-476F-AFFB-D55E464FE134} = {D0273138-D751-4BE6-AE88-1C42984BE35B}
		{1357BE1B-C513-4FFA-B416-4C27C26346A1} = {B310F660-ABCB-410F-82F8-C6C15DE8276E}
		{1DA12ADC-A1D4-44ED-A246-0E18CF285403} = {09AFE448-06C0-4413-A84C-1750D188361B}
		{2FCCE501-6D15-4822-8044-5277E7E847A5} = {09AFE448-06C0-4413-A84C-1750D188361B}
		{9635DD95-25EC-4845-ABDA-B5D6351770D7} = {09AFE448-06C0-4413-A84C-1750D188361B}
		{10355F52-9957-4867-A75F-4A901AA52C12} = {0B5807E7-6F97-46CC-90E5-3FC64C79B61A}
	EndGlobalSection
	GlobalSection(ExtensibilityGlobals) = postSolution
		SolutionGuid = {CFE208AC-C3A5-4B13-9E91-5CA15446E467}
	EndGlobalSection
EndGlobal
